
Microsoft Visual Studio Solution File, Format Version 12.00
# Visual Studio Version 17
VisualStudioVersion = 17.11.35327.3
MinimumVisualStudioVersion = 10.0.40219.1
Project("{FAE04EC0-301F-11D3-BF4B-00C04F79EFBC}") = "NEA", "NEA\NEA.csproj", "{D3174978-3C12-483B-88BC-AD35365EFB05}"
EndProject
Global
	GlobalSection(SolutionConfigurationPlatforms) = preSolution
		Debug|Any CPU = Debug|Any CPU
		Release|Any CPU = Release|Any CPU
	EndGlobalSection
	GlobalSection(ProjectConfigurationPlatforms) = postSolution
		{D3174978-3C12-483B-88BC-AD35365EFB05}.Debug|Any CPU.ActiveCfg = Debug|Any CPU
		{D3174978-3C12-483B-88BC-AD35365EFB05}.Debug|Any CPU.Build.0 = Debug|Any CPU
		{D3174978-3C12-483B-88BC-AD35365EFB05}.Release|Any CPU.ActiveCfg = Release|Any CPU
		{D3174978-3C12-483B-88BC-AD35365EFB05}.Release|Any CPU.Build.0 = Release|Any CPU
	EndGlobalSection
	GlobalSection(SolutionProperties) = preSolution
		HideSolutionNode = FALSE
	EndGlobalSection
	GlobalSection(ExtensibilityGlobals) = postSolution
		SolutionGuid = {662E175F-6E23-4435-BDC4-C5127D0FF3C3}
	EndGlobalSection
EndGlobal
